
Microsoft Visual Studio Solution File, Format Version 12.00
# Visual Studio 15
VisualStudioVersion = 15.0.28307.136
MinimumVisualStudioVersion = 10.0.40219.1
Project("{FAE04EC0-301F-11D3-BF4B-00C04F79EFBC}") = "Responsys.UI", "Responsys.UI\Responsys.UI.csproj", "{D193BE54-7695-4F97-9739-8F12BC160599}"
EndProject
Global
	GlobalSection(SolutionConfigurationPlatforms) = preSolution
		Debug|Any CPU = Debug|Any CPU
		Release|Any CPU = Release|Any CPU
		Staging|Any CPU = Staging|Any CPU
		Test|Any CPU = Test|Any CPU
	EndGlobalSection
	GlobalSection(ProjectConfigurationPlatforms) = postSolution
		{D193BE54-7695-4F97-9739-8F12BC160599}.Debug|Any CPU.ActiveCfg = Debug|Any CPU
		{D193BE54-7695-4F97-9739-8F12BC160599}.Debug|Any CPU.Build.0 = Debug|Any CPU
		{D193BE54-7695-4F97-9739-8F12BC160599}.Release|Any CPU.ActiveCfg = Release|Any CPU
		{D193BE54-7695-4F97-9739-8F12BC160599}.Release|Any CPU.Build.0 = Release|Any CPU
		{D193BE54-7695-4F97-9739-8F12BC160599}.Staging|Any CPU.ActiveCfg = Release|Any CPU
		{D193BE54-7695-4F97-9739-8F12BC160599}.Staging|Any CPU.Build.0 = Release|Any CPU
		{D193BE54-7695-4F97-9739-8F12BC160599}.Test|Any CPU.ActiveCfg = Release|Any CPU
		{D193BE54-7695-4F97-9739-8F12BC160599}.Test|Any CPU.Build.0 = Release|Any CPU
	EndGlobalSection
	GlobalSection(SolutionProperties) = preSolution
		HideSolutionNode = FALSE
	EndGlobalSection
	GlobalSection(ExtensibilityGlobals) = postSolution
		SolutionGuid = {C5512FB4-DDA9-4C87-BB6C-ECFEDB81AB4E}
	EndGlobalSection
EndGlobal
